
Microsoft Visual Studio Solution File, Format Version 12.00
# Visual Studio Version 17
VisualStudioVersion = 17.0.32014.148
MinimumVisualStudioVersion = 10.0.40219.1
Project("{9A19103F-16F7-4668-BE54-9A1E7A4F7556}") = "Delegate", "Delegate\Delegate.csproj", "{1D8047A1-9A1C-430F-AF10-1CADFFFB9FBF}"
EndProject
Project("{FAE04EC0-301F-11D3-BF4B-00C04F79EFBC}") = "AnonymousMethods", "AnonymousMethods\AnonymousMethods.csproj", "{8331502A-CC62-4DD8-807E-0720B173C8D5}"
EndProject
Project("{FAE04EC0-301F-11D3-BF4B-00C04F79EFBC}") = "LambdaExpression", "LambdExpression\LambdaExpression.csproj", "{42C2D40C-E269-43BB-B064-1FC439BFBC81}"
EndProject
Global
	GlobalSection(SolutionConfigurationPlatforms) = preSolution
		Debug|Any CPU = Debug|Any CPU
		Release|Any CPU = Release|Any CPU
	EndGlobalSection
	GlobalSection(ProjectConfigurationPlatforms) = postSolution
		{1D8047A1-9A1C-430F-AF10-1CADFFFB9FBF}.Debug|Any CPU.ActiveCfg = Debug|Any CPU
		{1D8047A1-9A1C-430F-AF10-1CADFFFB9FBF}.Debug|Any CPU.Build.0 = Debug|Any CPU
		{1D8047A1-9A1C-430F-AF10-1CADFFFB9FBF}.Release|Any CPU.ActiveCfg = Release|Any CPU
		{1D8047A1-9A1C-430F-AF10-1CADFFFB9FBF}.Release|Any CPU.Build.0 = Release|Any CPU
		{8331502A-CC62-4DD8-807E-0720B173C8D5}.Debug|Any CPU.ActiveCfg = Debug|Any CPU
		{8331502A-CC62-4DD8-807E-0720B173C8D5}.Debug|Any CPU.Build.0 = Debug|Any CPU
		{8331502A-CC62-4DD8-807E-0720B173C8D5}.Release|Any CPU.ActiveCfg = Release|Any CPU
		{8331502A-CC62-4DD8-807E-0720B173C8D5}.Release|Any CPU.Build.0 = Release|Any CPU
		{42C2D40C-E269-43BB-B064-1FC439BFBC81}.Debug|Any CPU.ActiveCfg = Debug|Any CPU
		{42C2D40C-E269-43BB-B064-1FC439BFBC81}.Debug|Any CPU.Build.0 = Debug|Any CPU
		{42C2D40C-E269-43BB-B064-1FC439BFBC81}.Release|Any CPU.ActiveCfg = Release|Any CPU
		{42C2D40C-E269-43BB-B064-1FC439BFBC81}.Release|Any CPU.Build.0 = Release|Any CPU
	EndGlobalSection
	GlobalSection(SolutionProperties) = preSolution
		HideSolutionNode = FALSE
	EndGlobalSection
	GlobalSection(ExtensibilityGlobals) = postSolution
		SolutionGuid = {D1B3607C-E6BA-4976-81CA-3FD9AA5109AA}
	EndGlobalSection
EndGlobal
